
Microsoft Visual Studio Solution File, Format Version 12.00
# Visual Studio 15
VisualStudioVersion = 15.0.28307.168
MinimumVisualStudioVersion = 10.0.40219.1
Project("{FAE04EC0-301F-11D3-BF4B-00C04F79EFBC}") = "dotnet_core_application", "dotnet_core_application\dotnet_core_application.csproj", "{8E08DD3A-90C3-49FE-B442-BC873670D463}"
EndProject
Global
	GlobalSection(SolutionConfigurationPlatforms) = preSolution
		Debug|Any CPU = Debug|Any CPU
		Release|Any CPU = Release|Any CPU
	EndGlobalSection
	GlobalSection(ProjectConfigurationPlatforms) = postSolution
		{8E08DD3A-90C3-49FE-B442-BC873670D463}.Debug|Any CPU.ActiveCfg = Debug|Any CPU
		{8E08DD3A-90C3-49FE-B442-BC873670D463}.Debug|Any CPU.Build.0 = Debug|Any CPU
		{8E08DD3A-90C3-49FE-B442-BC873670D463}.Release|Any CPU.ActiveCfg = Release|Any CPU
		{8E08DD3A-90C3-49FE-B442-BC873670D463}.Release|Any CPU.Build.0 = Release|Any CPU
	EndGlobalSection
	GlobalSection(SolutionProperties) = preSolution
		HideSolutionNode = FALSE
	EndGlobalSection
	GlobalSection(ExtensibilityGlobals) = postSolution
		SolutionGuid = {60A323CE-850D-4062-8D0D-EAAF1ADB2397}
	EndGlobalSection
EndGlobal
